
Microsoft Visual Studio Solution File, Format Version 12.00
# Visual Studio 15
VisualStudioVersion = 15.0.28010.2026
MinimumVisualStudioVersion = 10.0.40219.1
Project("{9A19103F-16F7-4668-BE54-9A1E7A4F7556}") = "CorseWebApi", "CorseWebApi.csproj", "{5DD7A551-D3C5-4A44-BFC3-B7D166FE6568}"
EndProject
Global
	GlobalSection(SolutionConfigurationPlatforms) = preSolution
		Debug|Any CPU = Debug|Any CPU
		Release|Any CPU = Release|Any CPU
	EndGlobalSection
	GlobalSection(ProjectConfigurationPlatforms) = postSolution
		{5DD7A551-D3C5-4A44-BFC3-B7D166FE6568}.Debug|Any CPU.ActiveCfg = Debug|Any CPU
		{5DD7A551-D3C5-4A44-BFC3-B7D166FE6568}.Debug|Any CPU.Build.0 = Debug|Any CPU
		{5DD7A551-D3C5-4A44-BFC3-B7D166FE6568}.Release|Any CPU.ActiveCfg = Release|Any CPU
		{5DD7A551-D3C5-4A44-BFC3-B7D166FE6568}.Release|Any CPU.Build.0 = Release|Any CPU
	EndGlobalSection
	GlobalSection(SolutionProperties) = preSolution
		HideSolutionNode = FALSE
	EndGlobalSection
	GlobalSection(ExtensibilityGlobals) = postSolution
		SolutionGuid = {04AF8F76-0F85-4865-A5B3-88F20DC7E58E}
	EndGlobalSection
EndGlobal
